{
  "name": "BaseLibrary",
  "version": "1.0.145",
  "lockfileVersion": 3,
  "requires": true,
  "packages": {
    "": {
      "name": "BaseLibrary",
      "version": "1.0.145",
      "dependencies": {
        "@apexdesigner/doc-generators": "^0.1.0"
      }
    },
    "node_modules/@apexdesigner/doc-generators": {
      "version": "0.1.1",
      "resolved": "https://registry.npmjs.org/@apexdesigner/doc-generators/-/doc-generators-0.1.1.tgz",
      "integrity": "sha512-PWc8AtESyQoMvxhxcDex94Q2zobmsjtU2rjOiDp65DEvCGbZHgx7HjwnbZiG0p6MbZBBRKPagP+vG5thMvaTzg==",
      "license": "UNLICENSED",
      "bin": {
        "api": ".claude/skills/apex-designer/scripts/api.cjs"
      }
    }
  }
}
