{
  "name": "BaseLibrary",
  "version": "1.0.104",
  "lockfileVersion": 3,
  "requires": true,
  "packages": {
    "": {
      "name": "BaseLibrary",
      "version": "1.0.104",
      "dependencies": {
        "@apexdesigner/doc-generators": "file:../../doc-generators/apexdesigner-doc-generators-0.0.9.tgz"
      }
    },
    "node_modules/@apexdesigner/doc-generators": {
      "version": "0.0.9",
      "resolved": "file:../../doc-generators/apexdesigner-doc-generators-0.0.9.tgz",
      "integrity": "sha512-g4uI6ZMT1nSiNNC4W+GlBlBxPqrhjN0FHbh6yoM3xrTSs0cyB/Y/Fswz+Pa0rS4+34ydbN60KtdlG3C95//WGw==",
      "license": "UNLICENSED"
    }
  }
}
