{
  "name": "BaseLibrary",
  "version": "1.0.146",
  "lockfileVersion": 3,
  "requires": true,
  "packages": {
    "": {
      "name": "BaseLibrary",
      "version": "1.0.146",
      "dependencies": {
        "@apexdesigner/doc-generators": "file:../../doc-generators/apexdesigner-doc-generators-0.1.1.tgz"
      }
    },
    "node_modules/@apexdesigner/doc-generators": {
      "version": "0.1.1",
      "resolved": "file:../../doc-generators/apexdesigner-doc-generators-0.1.1.tgz",
      "integrity": "sha512-euumo/xIPkL78ghgb3ovkl5P6Jyyxlqs4DSgdZT9zEDyojDLfAd9V463F8eI7t1zA4akzNKK0xNHWKyu0nhJNg==",
      "license": "UNLICENSED",
      "bin": {
        "api": ".claude/skills/apex-designer/scripts/api.cjs"
      }
    }
  }
}
